
Microsoft Visual Studio Solution File, Format Version 12.00
# Visual Studio 15
VisualStudioVersion = 15.0.27703.2047
MinimumVisualStudioVersion = 10.0.40219.1
Project("{FAE04EC0-301F-11D3-BF4B-00C04F79EFBC}") = "Cobblestone", "Cobblestone\Cobblestone.csproj", "{73B1EF9E-F538-4F0C-BB97-D394514FB8CC}"
EndProject
Project("{FAE04EC0-301F-11D3-BF4B-00C04F79EFBC}") = "Data", "Data\Data.csproj", "{EC30C7BF-3001-41EE-9580-C61C3E06D4F2}"
EndProject
Global
	GlobalSection(SolutionConfigurationPlatforms) = preSolution
		Debug|Any CPU = Debug|Any CPU
		Release|Any CPU = Release|Any CPU
	EndGlobalSection
	GlobalSection(ProjectConfigurationPlatforms) = postSolution
		{73B1EF9E-F538-4F0C-BB97-D394514FB8CC}.Debug|Any CPU.ActiveCfg = Debug|Any CPU
		{73B1EF9E-F538-4F0C-BB97-D394514FB8CC}.Debug|Any CPU.Build.0 = Debug|Any CPU
		{73B1EF9E-F538-4F0C-BB97-D394514FB8CC}.Release|Any CPU.ActiveCfg = Release|Any CPU
		{73B1EF9E-F538-4F0C-BB97-D394514FB8CC}.Release|Any CPU.Build.0 = Release|Any CPU
		{EC30C7BF-3001-41EE-9580-C61C3E06D4F2}.Debug|Any CPU.ActiveCfg = Debug|Any CPU
		{EC30C7BF-3001-41EE-9580-C61C3E06D4F2}.Debug|Any CPU.Build.0 = Debug|Any CPU
		{EC30C7BF-3001-41EE-9580-C61C3E06D4F2}.Release|Any CPU.ActiveCfg = Release|Any CPU
		{EC30C7BF-3001-41EE-9580-C61C3E06D4F2}.Release|Any CPU.Build.0 = Release|Any CPU
	EndGlobalSection
	GlobalSection(SolutionProperties) = preSolution
		HideSolutionNode = FALSE
	EndGlobalSection
	GlobalSection(ExtensibilityGlobals) = postSolution
		SolutionGuid = {E66960AD-9D63-4F35-8395-5B9B08B9D40B}
	EndGlobalSection
EndGlobal
